
Microsoft Visual Studio Solution File, Format Version 12.00
# Visual Studio Version 17
VisualStudioVersion = 17.13.35919.96 d17.13
MinimumVisualStudioVersion = 10.0.40219.1
Project("{FAE04EC0-301F-11D3-BF4B-00C04F79EFBC}") = "EjemploControles", "EjemploControles\EjemploControles.csproj", "{08764444-94D6-4ADD-8D03-25495651E482}"
EndProject
Global
	GlobalSection(SolutionConfigurationPlatforms) = preSolution
		Debug|Any CPU = Debug|Any CPU
		Release|Any CPU = Release|Any CPU
	EndGlobalSection
	GlobalSection(ProjectConfigurationPlatforms) = postSolution
		{08764444-94D6-4ADD-8D03-25495651E482}.Debug|Any CPU.ActiveCfg = Debug|Any CPU
		{08764444-94D6-4ADD-8D03-25495651E482}.Debug|Any CPU.Build.0 = Debug|Any CPU
		{08764444-94D6-4ADD-8D03-25495651E482}.Release|Any CPU.ActiveCfg = Release|Any CPU
		{08764444-94D6-4ADD-8D03-25495651E482}.Release|Any CPU.Build.0 = Release|Any CPU
	EndGlobalSection
	GlobalSection(SolutionProperties) = preSolution
		HideSolutionNode = FALSE
	EndGlobalSection
	GlobalSection(ExtensibilityGlobals) = postSolution
		SolutionGuid = {1AAB177F-3A15-486E-9F03-E494E7DECE71}
	EndGlobalSection
EndGlobal
